
Microsoft Visual Studio Solution File, Format Version 12.00
# Visual Studio Version 17
VisualStudioVersion = 17.3.32929.385
MinimumVisualStudioVersion = 10.0.40219.1
Project("{2150E333-8FDC-42A3-9474-1A3956D46DE8}") = "Src", "Src", "{829910C3-BEB9-4419-83F3-39DF3173D556}"
EndProject
Project("{2150E333-8FDC-42A3-9474-1A3956D46DE8}") = "Server", "Server", "{9D5455D3-3984-4F6D-BF75-707FA8012E53}"
EndProject
Project("{2150E333-8FDC-42A3-9474-1A3956D46DE8}") = "Data Base", "Data Base", "{ED2A8C31-19DE-4235-A750-5088D9CC63A9}"
EndProject
Project("{2150E333-8FDC-42A3-9474-1A3956D46DE8}") = "Service", "Service", "{4A56C0BC-F362-4048-A18E-952E35921ACF}"
EndProject
Project("{FAE04EC0-301F-11D3-BF4B-00C04F79EFBC}") = "LiveConnection.Server.Api", "Src\Server\LiveConnection.Server.Api\LiveConnection.Server.Api.csproj", "{71FF99C9-3522-4F2D-831A-072317865FD1}"
EndProject
Project("{FAE04EC0-301F-11D3-BF4B-00C04F79EFBC}") = "LiveConnection.DataBase.Context", "Src\Data Base\LiveConnection.DataBase.Context\LiveConnection.DataBase.Context.csproj", "{20CFE99C-7CBB-4453-97F1-8A42E77F080A}"
EndProject
Project("{FAE04EC0-301F-11D3-BF4B-00C04F79EFBC}") = "LiveConnection.DataBase.Entity", "Src\Data Base\LiveConnection.DataBase.Entity\LiveConnection.DataBase.Entity.csproj", "{ADEAF621-2EFD-4EB3-8E6B-A2CC1CC95720}"
EndProject
Project("{FAE04EC0-301F-11D3-BF4B-00C04F79EFBC}") = "LiveConnection.Service.Abstraction", "Src\Service\LiveConnection.Service.Abstraction\LiveConnection.Service.Abstraction.csproj", "{DD71FCF6-D50C-4B0D-B83A-7A7DA5E227C6}"
EndProject
Project("{FAE04EC0-301F-11D3-BF4B-00C04F79EFBC}") = "LiveConnection.Service.Implementation", "Src\Service\LiveConnection.Service.Implementation\LiveConnection.Service.Implementation.csproj", "{D4B288DF-B9D8-49D4-88BB-DBB651E3D903}"
EndProject
Global
	GlobalSection(SolutionConfigurationPlatforms) = preSolution
		Debug|Any CPU = Debug|Any CPU
		Release|Any CPU = Release|Any CPU
	EndGlobalSection
	GlobalSection(ProjectConfigurationPlatforms) = postSolution
		{71FF99C9-3522-4F2D-831A-072317865FD1}.Debug|Any CPU.ActiveCfg = Debug|Any CPU
		{71FF99C9-3522-4F2D-831A-072317865FD1}.Debug|Any CPU.Build.0 = Debug|Any CPU
		{71FF99C9-3522-4F2D-831A-072317865FD1}.Release|Any CPU.ActiveCfg = Release|Any CPU
		{71FF99C9-3522-4F2D-831A-072317865FD1}.Release|Any CPU.Build.0 = Release|Any CPU
		{20CFE99C-7CBB-4453-97F1-8A42E77F080A}.Debug|Any CPU.ActiveCfg = Debug|Any CPU
		{20CFE99C-7CBB-4453-97F1-8A42E77F080A}.Debug|Any CPU.Build.0 = Debug|Any CPU
		{20CFE99C-7CBB-4453-97F1-8A42E77F080A}.Release|Any CPU.ActiveCfg = Release|Any CPU
		{20CFE99C-7CBB-4453-97F1-8A42E77F080A}.Release|Any CPU.Build.0 = Release|Any CPU
		{ADEAF621-2EFD-4EB3-8E6B-A2CC1CC95720}.Debug|Any CPU.ActiveCfg = Debug|Any CPU
		{ADEAF621-2EFD-4EB3-8E6B-A2CC1CC95720}.Debug|Any CPU.Build.0 = Debug|Any CPU
		{ADEAF621-2EFD-4EB3-8E6B-A2CC1CC95720}.Release|Any CPU.ActiveCfg = Release|Any CPU
		{ADEAF621-2EFD-4EB3-8E6B-A2CC1CC95720}.Release|Any CPU.Build.0 = Release|Any CPU
		{DD71FCF6-D50C-4B0D-B83A-7A7DA5E227C6}.Debug|Any CPU.ActiveCfg = Debug|Any CPU
		{DD71FCF6-D50C-4B0D-B83A-7A7DA5E227C6}.Debug|Any CPU.Build.0 = Debug|Any CPU
		{DD71FCF6-D50C-4B0D-B83A-7A7DA5E227C6}.Release|Any CPU.ActiveCfg = Release|Any CPU
		{DD71FCF6-D50C-4B0D-B83A-7A7DA5E227C6}.Release|Any CPU.Build.0 = Release|Any CPU
		{D4B288DF-B9D8-49D4-88BB-DBB651E3D903}.Debug|Any CPU.ActiveCfg = Debug|Any CPU
		{D4B288DF-B9D8-49D4-88BB-DBB651E3D903}.Debug|Any CPU.Build.0 = Debug|Any CPU
		{D4B288DF-B9D8-49D4-88BB-DBB651E3D903}.Release|Any CPU.ActiveCfg = Release|Any CPU
		{D4B288DF-B9D8-49D4-88BB-DBB651E3D903}.Release|Any CPU.Build.0 = Release|Any CPU
	EndGlobalSection
	GlobalSection(SolutionProperties) = preSolution
		HideSolutionNode = FALSE
	EndGlobalSection
	GlobalSection(NestedProjects) = preSolution
		{9D5455D3-3984-4F6D-BF75-707FA8012E53} = {829910C3-BEB9-4419-83F3-39DF3173D556}
		{ED2A8C31-19DE-4235-A750-5088D9CC63A9} = {829910C3-BEB9-4419-83F3-39DF3173D556}
		{4A56C0BC-F362-4048-A18E-952E35921ACF} = {829910C3-BEB9-4419-83F3-39DF3173D556}
		{71FF99C9-3522-4F2D-831A-072317865FD1} = {9D5455D3-3984-4F6D-BF75-707FA8012E53}
		{20CFE99C-7CBB-4453-97F1-8A42E77F080A} = {ED2A8C31-19DE-4235-A750-5088D9CC63A9}
		{ADEAF621-2EFD-4EB3-8E6B-A2CC1CC95720} = {ED2A8C31-19DE-4235-A750-5088D9CC63A9}
		{DD71FCF6-D50C-4B0D-B83A-7A7DA5E227C6} = {4A56C0BC-F362-4048-A18E-952E35921ACF}
		{D4B288DF-B9D8-49D4-88BB-DBB651E3D903} = {4A56C0BC-F362-4048-A18E-952E35921ACF}
	EndGlobalSection
	GlobalSection(ExtensibilityGlobals) = postSolution
		SolutionGuid = {AF2D870B-2F6F-4619-846E-3F6E0D774315}
	EndGlobalSection
EndGlobal
