
Microsoft Visual Studio Solution File, Format Version 12.00
# Visual Studio Version 17
VisualStudioVersion = 17.3.32929.385
MinimumVisualStudioVersion = 10.0.40219.1
Project("{FAE04EC0-301F-11D3-BF4B-00C04F79EFBC}") = "LiveConnection.Server.Api", "LiveConnection.Server.Api\LiveConnection.Server.Api.csproj", "{D6DDD82D-C9DB-41CA-81F3-5AB9AF86D5D2}"
EndProject
Global
	GlobalSection(SolutionConfigurationPlatforms) = preSolution
		Debug|Any CPU = Debug|Any CPU
		Release|Any CPU = Release|Any CPU
	EndGlobalSection
	GlobalSection(ProjectConfigurationPlatforms) = postSolution
		{D6DDD82D-C9DB-41CA-81F3-5AB9AF86D5D2}.Debug|Any CPU.ActiveCfg = Debug|Any CPU
		{D6DDD82D-C9DB-41CA-81F3-5AB9AF86D5D2}.Debug|Any CPU.Build.0 = Debug|Any CPU
		{D6DDD82D-C9DB-41CA-81F3-5AB9AF86D5D2}.Release|Any CPU.ActiveCfg = Release|Any CPU
		{D6DDD82D-C9DB-41CA-81F3-5AB9AF86D5D2}.Release|Any CPU.Build.0 = Release|Any CPU
	EndGlobalSection
	GlobalSection(SolutionProperties) = preSolution
		HideSolutionNode = FALSE
	EndGlobalSection
	GlobalSection(ExtensibilityGlobals) = postSolution
		SolutionGuid = {AF2D870B-2F6F-4619-846E-3F6E0D774315}
	EndGlobalSection
EndGlobal
